// !$*UTF8*$!
{
	archiveVersion = 1;
	classes = {
	};
	objectVersion = 48;
	objects = {

/* Begin PBXBuildFile section */
		F04885E8206194E900790C69 /* AppDelegate.swift in Sources */ = {isa = PBXBuildFile; fileRef = F04885E7206194E900790C69 /* AppDelegate.swift */; };
		F04885ED206194E900790C69 /* Main.storyboard in Resources */ = {isa = PBXBuildFile; fileRef = F04885EB206194E900790C69 /* Main.storyboard */; };
		F04885EF206194E900790C69 /* Assets.xcassets in Resources */ = {isa = PBXBuildFile; fileRef = F04885EE206194E900790C69 /* Assets.xcassets */; };
		F04885F2206194E900790C69 /* LaunchScreen.storyboard in Resources */ = {isa = PBXBuildFile; fileRef = F04885F0206194E900790C69 /* LaunchScreen.storyboard */; };
		F04886022061961800790C69 /* MBBookModel.swift in Sources */ = {isa = PBXBuildFile; fileRef = F04886012061961800790C69 /* MBBookModel.swift */; };
		F04886042061964500790C69 /* MBServiceManager.swift in Sources */ = {isa = PBXBuildFile; fileRef = F04886032061964500790C69 /* MBServiceManager.swift */; };
		F0488606206197FF00790C69 /* MBHomeViewController.swift in Sources */ = {isa = PBXBuildFile; fileRef = F0488605206197FF00790C69 /* MBHomeViewController.swift */; };
		F04886082061982800790C69 /* MBDetailViewController.swift in Sources */ = {isa = PBXBuildFile; fileRef = F04886072061982800790C69 /* MBDetailViewController.swift */; };
		F048860A20619B8600790C69 /* MBConstants.swift in Sources */ = {isa = PBXBuildFile; fileRef = F048860920619B8600790C69 /* MBConstants.swift */; };
		F048861320619FA100790C69 /* MBBookTableViewCell.swift in Sources */ = {isa = PBXBuildFile; fileRef = F048861120619FA100790C69 /* MBBookTableViewCell.swift */; };
		F048861420619FA100790C69 /* MBBookTableViewCell.xib in Resources */ = {isa = PBXBuildFile; fileRef = F048861220619FA100790C69 /* MBBookTableViewCell.xib */; };
/* End PBXBuildFile section */

/* Begin PBXFileReference section */
		F04885E4206194E900790C69 /* MobileBookStore_SaiDeepika.app */ = {isa = PBXFileReference; explicitFileType = wrapper.application; includeInIndex = 0; path = MobileBookStore_SaiDeepika.app; sourceTree = BUILT_PRODUCTS_DIR; };
		F04885E7206194E900790C69 /* AppDelegate.swift */ = {isa = PBXFileReference; lastKnownFileType = sourcecode.swift; path = AppDelegate.swift; sourceTree = "<group>"; };
		F04885EC206194E900790C69 /* Base */ = {isa = PBXFileReference; lastKnownFileType = file.storyboard; name = Base; path = Base.lproj/Main.storyboard; sourceTree = "<group>"; };
		F04885EE206194E900790C69 /* Assets.xcassets */ = {isa = PBXFileReference; lastKnownFileType = folder.assetcatalog; path = Assets.xcassets; sourceTree = "<group>"; };
		F04885F1206194E900790C69 /* Base */ = {isa = PBXFileReference; lastKnownFileType = file.storyboard; name = Base; path = Base.lproj/LaunchScreen.storyboard; sourceTree = "<group>"; };
		F04885F3206194E900790C69 /* Info.plist */ = {isa = PBXFileReference; lastKnownFileType = text.plist.xml; path = Info.plist; sourceTree = "<group>"; };
		F04886012061961800790C69 /* MBBookModel.swift */ = {isa = PBXFileReference; lastKnownFileType = sourcecode.swift; path = MBBookModel.swift; sourceTree = "<group>"; };
		F04886032061964500790C69 /* MBServiceManager.swift */ = {isa = PBXFileReference; lastKnownFileType = sourcecode.swift; path = MBServiceManager.swift; sourceTree = "<group>"; };
		F0488605206197FF00790C69 /* MBHomeViewController.swift */ = {isa = PBXFileReference; lastKnownFileType = sourcecode.swift; path = MBHomeViewController.swift; sourceTree = "<group>"; };
		F04886072061982800790C69 /* MBDetailViewController.swift */ = {isa = PBXFileReference; lastKnownFileType = sourcecode.swift; path = MBDetailViewController.swift; sourceTree = "<group>"; };
		F048860920619B8600790C69 /* MBConstants.swift */ = {isa = PBXFileReference; lastKnownFileType = sourcecode.swift; path = MBConstants.swift; sourceTree = "<group>"; };
		F048861120619FA100790C69 /* MBBookTableViewCell.swift */ = {isa = PBXFileReference; lastKnownFileType = sourcecode.swift; path = MBBookTableViewCell.swift; sourceTree = "<group>"; };
		F048861220619FA100790C69 /* MBBookTableViewCell.xib */ = {isa = PBXFileReference; lastKnownFileType = file.xib; path = MBBookTableViewCell.xib; sourceTree = "<group>"; };
/* End PBXFileReference section */

/* Begin PBXFrameworksBuildPhase section */
		F04885E1206194E900790C69 /* Frameworks */ = {
			isa = PBXFrameworksBuildPhase;
			buildActionMask = 2147483647;
			files = (
			);
			runOnlyForDeploymentPostprocessing = 0;
		};
/* End PBXFrameworksBuildPhase section */

/* Begin PBXGroup section */
		F04885DB206194E900790C69 = {
			isa = PBXGroup;
			children = (
				F04885E6206194E900790C69 /* MobileBookStore_SaiDeepika */,
				F04885E5206194E900790C69 /* Products */,
			);
			sourceTree = "<group>";
		};
		F04885E5206194E900790C69 /* Products */ = {
			isa = PBXGroup;
			children = (
				F04885E4206194E900790C69 /* MobileBookStore_SaiDeepika.app */,
			);
			name = Products;
			sourceTree = "<group>";
		};
		F04885E6206194E900790C69 /* MobileBookStore_SaiDeepika */ = {
			isa = PBXGroup;
			children = (
				F0488600206195D400790C69 /* Utility */,
				F04885FF206195CD00790C69 /* Cells */,
				F04885FD2061957400790C69 /* ServiceManager */,
				F04885FC2061956A00790C69 /* Models */,
				F04885FB2061955C00790C69 /* Interfaces */,
				F04885FA2061955200790C69 /* ViewControllers */,
				F04885F92061954800790C69 /* AppDelegate */,
				F04885EE206194E900790C69 /* Assets.xcassets */,
				F04885F3206194E900790C69 /* Info.plist */,
			);
			path = MobileBookStore_SaiDeepika;
			sourceTree = "<group>";
		};
		F04885F92061954800790C69 /* AppDelegate */ = {
			isa = PBXGroup;
			children = (
				F04885E7206194E900790C69 /* AppDelegate.swift */,
			);
			path = AppDelegate;
			sourceTree = "<group>";
		};
		F04885FA2061955200790C69 /* ViewControllers */ = {
			isa = PBXGroup;
			children = (
				F0488605206197FF00790C69 /* MBHomeViewController.swift */,
				F04886072061982800790C69 /* MBDetailViewController.swift */,
			);
			path = ViewControllers;
			sourceTree = "<group>";
		};
		F04885FB2061955C00790C69 /* Interfaces */ = {
			isa = PBXGroup;
			children = (
				F04885EB206194E900790C69 /* Main.storyboard */,
				F04885F0206194E900790C69 /* LaunchScreen.storyboard */,
			);
			path = Interfaces;
			sourceTree = "<group>";
		};
		F04885FC2061956A00790C69 /* Models */ = {
			isa = PBXGroup;
			children = (
				F04886012061961800790C69 /* MBBookModel.swift */,
			);
			path = Models;
			sourceTree = "<group>";
		};
		F04885FD2061957400790C69 /* ServiceManager */ = {
			isa = PBXGroup;
			children = (
				F04886032061964500790C69 /* MBServiceManager.swift */,
			);
			path = ServiceManager;
			sourceTree = "<group>";
		};
		F04885FF206195CD00790C69 /* Cells */ = {
			isa = PBXGroup;
			children = (
				F048861120619FA100790C69 /* MBBookTableViewCell.swift */,
				F048861220619FA100790C69 /* MBBookTableViewCell.xib */,
			);
			path = Cells;
			sourceTree = "<group>";
		};
		F0488600206195D400790C69 /* Utility */ = {
			isa = PBXGroup;
			children = (
				F048860920619B8600790C69 /* MBConstants.swift */,
			);
			path = Utility;
			sourceTree = "<group>";
		};
/* End PBXGroup section */

/* Begin PBXNativeTarget section */
		F04885E3206194E900790C69 /* MobileBookStore_SaiDeepika */ = {
			isa = PBXNativeTarget;
			buildConfigurationList = F04885F6206194E900790C69 /* Build configuration list for PBXNativeTarget "MobileBookStore_SaiDeepika" */;
			buildPhases = (
				F04885E0206194E900790C69 /* Sources */,
				F04885E1206194E900790C69 /* Frameworks */,
				F04885E2206194E900790C69 /* Resources */,
			);
			buildRules = (
			);
			dependencies = (
			);
			name = MobileBookStore_SaiDeepika;
			productName = MobileBookStore_SaiDeepika;
			productReference = F04885E4206194E900790C69 /* MobileBookStore_SaiDeepika.app */;
			productType = "com.apple.product-type.application";
		};
/* End PBXNativeTarget section */

/* Begin PBXProject section */
		F04885DC206194E900790C69 /* Project object */ = {
			isa = PBXProject;
			attributes = {
				LastSwiftUpdateCheck = 0920;
				LastUpgradeCheck = 0920;
				ORGANIZATIONNAME = sample;
				TargetAttributes = {
					F04885E3206194E900790C69 = {
						CreatedOnToolsVersion = 9.2;
						ProvisioningStyle = Manual;
					};
				};
			};
			buildConfigurationList = F04885DF206194E900790C69 /* Build configuration list for PBXProject "MobileBookStore_SaiDeepika" */;
			compatibilityVersion = "Xcode 8.0";
			developmentRegion = en;
			hasScannedForEncodings = 0;
			knownRegions = (
				en,
				Base,
			);
			mainGroup = F04885DB206194E900790C69;
			productRefGroup = F04885E5206194E900790C69 /* Products */;
			projectDirPath = "";
			projectRoot = "";
			targets = (
				F04885E3206194E900790C69 /* MobileBookStore_SaiDeepika */,
			);
		};
/* End PBXProject section */

/* Begin PBXResourcesBuildPhase section */
		F04885E2206194E900790C69 /* Resources */ = {
			isa = PBXResourcesBuildPhase;
			buildActionMask = 2147483647;
			files = (
				F04885F2206194E900790C69 /* LaunchScreen.storyboard in Resources */,
				F048861420619FA100790C69 /* MBBookTableViewCell.xib in Resources */,
				F04885EF206194E900790C69 /* Assets.xcassets in Resources */,
				F04885ED206194E900790C69 /* Main.storyboard in Resources */,
			);
			runOnlyForDeploymentPostprocessing = 0;
		};
/* End PBXResourcesBuildPhase section */

/* Begin PBXSourcesBuildPhase section */
		F04885E0206194E900790C69 /* Sources */ = {
			isa = PBXSourcesBuildPhase;
			buildActionMask = 2147483647;
			files = (
				F0488606206197FF00790C69 /* MBHomeViewController.swift in Sources */,
				F048861320619FA100790C69 /* MBBookTableViewCell.swift in Sources */,
				F04886082061982800790C69 /* MBDetailViewController.swift in Sources */,
				F04886042061964500790C69 /* MBServiceManager.swift in Sources */,
				F04886022061961800790C69 /* MBBookModel.swift in Sources */,
				F048860A20619B8600790C69 /* MBConstants.swift in Sources */,
				F04885E8206194E900790C69 /* AppDelegate.swift in Sources */,
			);
			runOnlyForDeploymentPostprocessing = 0;
		};
/* End PBXSourcesBuildPhase section */

/* Begin PBXVariantGroup section */
		F04885EB206194E900790C69 /* Main.storyboard */ = {
			isa = PBXVariantGroup;
			children = (
				F04885EC206194E900790C69 /* Base */,
			);
			name = Main.storyboard;
			sourceTree = "<group>";
		};
		F04885F0206194E900790C69 /* LaunchScreen.storyboard */ = {
			isa = PBXVariantGroup;
			children = (
				F04885F1206194E900790C69 /* Base */,
			);
			name = LaunchScreen.storyboard;
			sourceTree = "<group>";
		};
/* End PBXVariantGroup section */

/* Begin XCBuildConfiguration section */
		F04885F4206194E900790C69 /* Debug */ = {
			isa = XCBuildConfiguration;
			buildSettings = {
				ALWAYS_SEARCH_USER_PATHS = NO;
				CLANG_ANALYZER_NONNULL = YES;
				CLANG_ANALYZER_NUMBER_OBJECT_CONVERSION = YES_AGGRESSIVE;
				CLANG_CXX_LANGUAGE_STANDARD = "gnu++14";
				CLANG_CXX_LIBRARY = "libc++";
				CLANG_ENABLE_MODULES = YES;
				CLANG_ENABLE_OBJC_ARC = YES;
				CLANG_WARN_BLOCK_CAPTURE_AUTORELEASING = YES;
				CLANG_WARN_BOOL_CONVERSION = YES;
				CLANG_WARN_COMMA = YES;
				CLANG_WARN_CONSTANT_CONVERSION = YES;
				CLANG_WARN_DIRECT_OBJC_ISA_USAGE = YES_ERROR;
				CLANG_WARN_DOCUMENTATION_COMMENTS = YES;
				CLANG_WARN_EMPTY_BODY = YES;
				CLANG_WARN_ENUM_CONVERSION = YES;
				CLANG_WARN_INFINITE_RECURSION = YES;
				CLANG_WARN_INT_CONVERSION = YES;
				CLANG_WARN_NON_LITERAL_NULL_CONVERSION = YES;
				CLANG_WARN_OBJC_LITERAL_CONVERSION = YES;
				CLANG_WARN_OBJC_ROOT_CLASS = YES_ERROR;
				CLANG_WARN_RANGE_LOOP_ANALYSIS = YES;
				CLANG_WARN_STRICT_PROTOTYPES = YES;
				CLANG_WARN_SUSPICIOUS_MOVE = YES;
				CLANG_WARN_UNGUARDED_AVAILABILITY = YES_AGGRESSIVE;
				CLANG_WARN_UNREACHABLE_CODE = YES;
				CLANG_WARN__DUPLICATE_METHOD_MATCH = YES;
				CODE_SIGN_IDENTITY = "iPhone Developer";
				COPY_PHASE_STRIP = NO;
				DEBUG_INFORMATION_FORMAT = dwarf;
				ENABLE_STRICT_OBJC_MSGSEND = YES;
				ENABLE_TESTABILITY = YES;
				GCC_C_LANGUAGE_STANDARD = gnu11;
				GCC_DYNAMIC_NO_PIC = NO;
				GCC_NO_COMMON_BLOCKS = YES;
				GCC_OPTIMIZATION_LEVEL = 0;
				GCC_PREPROCESSOR_DEFINITIONS = (
					"DEBUG=1",
					"$(inherited)",
				);
				GCC_WARN_64_TO_32_BIT_CONVERSION = YES;
				GCC_WARN_ABOUT_RETURN_TYPE = YES_ERROR;
				GCC_WARN_UNDECLARED_SELECTOR = YES;
				GCC_WARN_UNINITIALIZED_AUTOS = YES_AGGRESSIVE;
				GCC_WARN_UNUSED_FUNCTION = YES;
				GCC_WARN_UNUSED_VARIABLE = YES;
				IPHONEOS_DEPLOYMENT_TARGET = 11.2;
				MTL_ENABLE_DEBUG_INFO = YES;
				ONLY_ACTIVE_ARCH = YES;
				SDKROOT = iphoneos;
				SWIFT_ACTIVE_COMPILATION_CONDITIONS = DEBUG;
				SWIFT_OPTIMIZATION_LEVEL = "-Onone";
			};
			name = Debug;
		};
		F04885F5206194E900790C69 /* Release */ = {
			isa = XCBuildConfiguration;
			buildSettings = {
				ALWAYS_SEARCH_USER_PATHS = NO;
				CLANG_ANALYZER_NONNULL = YES;
				CLANG_ANALYZER_NUMBER_OBJECT_CONVERSION = YES_AGGRESSIVE;
				CLANG_CXX_LANGUAGE_STANDARD = "gnu++14";
				CLANG_CXX_LIBRARY = "libc++";
				CLANG_ENABLE_MODULES = YES;
				CLANG_ENABLE_OBJC_ARC = YES;
				CLANG_WARN_BLOCK_CAPTURE_AUTORELEASING = YES;
				CLANG_WARN_BOOL_CONVERSION = YES;
				CLANG_WARN_COMMA = YES;
				CLANG_WARN_CONSTANT_CONVERSION = YES;
				CLANG_WARN_DIRECT_OBJC_ISA_USAGE = YES_ERROR;
				CLANG_WARN_DOCUMENTATION_COMMENTS = YES;
				CLANG_WARN_EMPTY_BODY = YES;
				CLANG_WARN_ENUM_CONVERSION = YES;
				CLANG_WARN_INFINITE_RECURSION = YES;
				CLANG_WARN_INT_CONVERSION = YES;
				CLANG_WARN_NON_LITERAL_NULL_CONVERSION = YES;
				CLANG_WARN_OBJC_LITERAL_CONVERSION = YES;
				CLANG_WARN_OBJC_ROOT_CLASS = YES_ERROR;
				CLANG_WARN_RANGE_LOOP_ANALYSIS = YES;
				CLANG_WARN_STRICT_PROTOTYPES = YES;
				CLANG_WARN_SUSPICIOUS_MOVE = YES;
				CLANG_WARN_UNGUARDED_AVAILABILITY = YES_AGGRESSIVE;
				CLANG_WARN_UNREACHABLE_CODE = YES;
				CLANG_WARN__DUPLICATE_METHOD_MATCH = YES;
				CODE_SIGN_IDENTITY = "iPhone Developer";
				COPY_PHASE_STRIP = NO;
				DEBUG_INFORMATION_FORMAT = "dwarf-with-dsym";
				ENABLE_NS_ASSERTIONS = NO;
				ENABLE_STRICT_OBJC_MSGSEND = YES;
				GCC_C_LANGUAGE_STANDARD = gnu11;
				GCC_NO_COMMON_BLOCKS = YES;
				GCC_WARN_64_TO_32_BIT_CONVERSION = YES;
				GCC_WARN_ABOUT_RETURN_TYPE = YES_ERROR;
				GCC_WARN_UNDECLARED_SELECTOR = YES;
				GCC_WARN_UNINITIALIZED_AUTOS = YES_AGGRESSIVE;
				GCC_WARN_UNUSED_FUNCTION = YES;
				GCC_WARN_UNUSED_VARIABLE = YES;
				IPHONEOS_DEPLOYMENT_TARGET = 11.2;
				MTL_ENABLE_DEBUG_INFO = NO;
				SDKROOT = iphoneos;
				SWIFT_OPTIMIZATION_LEVEL = "-Owholemodule";
				VALIDATE_PRODUCT = YES;
			};
			name = Release;
		};
		F04885F7206194E900790C69 /* Debug */ = {
			isa = XCBuildConfiguration;
			buildSettings = {
				ASSETCATALOG_COMPILER_APPICON_NAME = AppIcon;
				CODE_SIGN_STYLE = Manual;
				DEVELOPMENT_TEAM = "";
				INFOPLIST_FILE = MobileBookStore_SaiDeepika/Info.plist;
				LD_RUNPATH_SEARCH_PATHS = "$(inherited) @executable_path/Frameworks";
				PRODUCT_BUNDLE_IDENTIFIER = "com.sample.MobileBookStore-SaiDeepika";
				PRODUCT_NAME = "$(TARGET_NAME)";
				PROVISIONING_PROFILE_SPECIFIER = "";
				SWIFT_VERSION = 4.0;
				TARGETED_DEVICE_FAMILY = "1,2";
			};
			name = Debug;
		};
		F04885F8206194E900790C69 /* Release */ = {
			isa = XCBuildConfiguration;
			buildSettings = {
				ASSETCATALOG_COMPILER_APPICON_NAME = AppIcon;
				CODE_SIGN_STYLE = Manual;
				DEVELOPMENT_TEAM = "";
				INFOPLIST_FILE = MobileBookStore_SaiDeepika/Info.plist;
				LD_RUNPATH_SEARCH_PATHS = "$(inherited) @executable_path/Frameworks";
				PRODUCT_BUNDLE_IDENTIFIER = "com.sample.MobileBookStore-SaiDeepika";
				PRODUCT_NAME = "$(TARGET_NAME)";
				PROVISIONING_PROFILE_SPECIFIER = "";
				SWIFT_VERSION = 4.0;
				TARGETED_DEVICE_FAMILY = "1,2";
			};
			name = Release;
		};
/* End XCBuildConfiguration section */

/* Begin XCConfigurationList section */
		F04885DF206194E900790C69 /* Build configuration list for PBXProject "MobileBookStore_SaiDeepika" */ = {
			isa = XCConfigurationList;
			buildConfigurations = (
				F04885F4206194E900790C69 /* Debug */,
				F04885F5206194E900790C69 /* Release */,
			);
			defaultConfigurationIsVisible = 0;
			defaultConfigurationName = Release;
		};
		F04885F6206194E900790C69 /* Build configuration list for PBXNativeTarget "MobileBookStore_SaiDeepika" */ = {
			isa = XCConfigurationList;
			buildConfigurations = (
				F04885F7206194E900790C69 /* Debug */,
				F04885F8206194E900790C69 /* Release */,
			);
			defaultConfigurationIsVisible = 0;
			defaultConfigurationName = Release;
		};
/* End XCConfigurationList section */
	};
	rootObject = F04885DC206194E900790C69 /* Project object */;
}
